// !$*UTF8*$!
{
	archiveVersion = 1;
	classes = {
	};
	objectVersion = 55;
	objects = {

/* Begin PBXBuildFile section */
		DA65E6EB283441030041C0AE /* AppDelegate.swift in Sources */ = {isa = PBXBuildFile; fileRef = DA65E6EA283441030041C0AE /* AppDelegate.swift */; };
		DA65E6ED283441030041C0AE /* SceneDelegate.swift in Sources */ = {isa = PBXBuildFile; fileRef = DA65E6EC283441030041C0AE /* SceneDelegate.swift */; };
		DA65E6EF283441030041C0AE /* ViewController.swift in Sources */ = {isa = PBXBuildFile; fileRef = DA65E6EE283441030041C0AE /* ViewController.swift */; };
		DA65E6F2283441030041C0AE /* Main.storyboard in Resources */ = {isa = PBXBuildFile; fileRef = DA65E6F0283441030041C0AE /* Main.storyboard */; };
		DA65E6F4283441040041C0AE /* Assets.xcassets in Resources */ = {isa = PBXBuildFile; fileRef = DA65E6F3283441040041C0AE /* Assets.xcassets */; };
		DA65E6F7283441040041C0AE /* LaunchScreen.storyboard in Resources */ = {isa = PBXBuildFile; fileRef = DA65E6F5283441040041C0AE /* LaunchScreen.storyboard */; };
		DA65E708283442470041C0AE /* KategoriTableViewCell.swift in Sources */ = {isa = PBXBuildFile; fileRef = DA65E704283442470041C0AE /* KategoriTableViewCell.swift */; };
		DA65E709283442470041C0AE /* FilmViewController.swift in Sources */ = {isa = PBXBuildFile; fileRef = DA65E705283442470041C0AE /* FilmViewController.swift */; };
		DA65E70A283442470041C0AE /* DetayViewController.swift in Sources */ = {isa = PBXBuildFile; fileRef = DA65E706283442470041C0AE /* DetayViewController.swift */; };
		DA65E70B283442470041C0AE /* FilmCollectionViewCell.swift in Sources */ = {isa = PBXBuildFile; fileRef = DA65E707283442470041C0AE /* FilmCollectionViewCell.swift */; };
		DA65E718283450B90041C0AE /* Kategoriler.swift in Sources */ = {isa = PBXBuildFile; fileRef = DA65E713283450B90041C0AE /* Kategoriler.swift */; };
		DA65E719283450B90041C0AE /* Yonetmenler.swift in Sources */ = {isa = PBXBuildFile; fileRef = DA65E714283450B90041C0AE /* Yonetmenler.swift */; };
		DA65E71A283450B90041C0AE /* Filmler.swift in Sources */ = {isa = PBXBuildFile; fileRef = DA65E715283450B90041C0AE /* Filmler.swift */; };
		DA65E71B283450B90041C0AE /* KategoriCevap.swift in Sources */ = {isa = PBXBuildFile; fileRef = DA65E716283450B90041C0AE /* KategoriCevap.swift */; };
		DA65E71C283450B90041C0AE /* FilmCevap.swift in Sources */ = {isa = PBXBuildFile; fileRef = DA65E717283450B90041C0AE /* FilmCevap.swift */; };
/* End PBXBuildFile section */

/* Begin PBXFileReference section */
		DA65E6E7283441030041C0AE /* swift_urlsession_filmler.app */ = {isa = PBXFileReference; explicitFileType = wrapper.application; includeInIndex = 0; path = swift_urlsession_filmler.app; sourceTree = BUILT_PRODUCTS_DIR; };
		DA65E6EA283441030041C0AE /* AppDelegate.swift */ = {isa = PBXFileReference; lastKnownFileType = sourcecode.swift; path = AppDelegate.swift; sourceTree = "<group>"; };
		DA65E6EC283441030041C0AE /* SceneDelegate.swift */ = {isa = PBXFileReference; lastKnownFileType = sourcecode.swift; path = SceneDelegate.swift; sourceTree = "<group>"; };
		DA65E6EE283441030041C0AE /* ViewController.swift */ = {isa = PBXFileReference; lastKnownFileType = sourcecode.swift; path = ViewController.swift; sourceTree = "<group>"; };
		DA65E6F1283441030041C0AE /* Base */ = {isa = PBXFileReference; lastKnownFileType = file.storyboard; name = Base; path = Base.lproj/Main.storyboard; sourceTree = "<group>"; };
		DA65E6F3283441040041C0AE /* Assets.xcassets */ = {isa = PBXFileReference; lastKnownFileType = folder.assetcatalog; path = Assets.xcassets; sourceTree = "<group>"; };
		DA65E6F6283441040041C0AE /* Base */ = {isa = PBXFileReference; lastKnownFileType = file.storyboard; name = Base; path = Base.lproj/LaunchScreen.storyboard; sourceTree = "<group>"; };
		DA65E6F8283441040041C0AE /* Info.plist */ = {isa = PBXFileReference; lastKnownFileType = text.plist.xml; path = Info.plist; sourceTree = "<group>"; };
		DA65E704283442470041C0AE /* KategoriTableViewCell.swift */ = {isa = PBXFileReference; fileEncoding = 4; lastKnownFileType = sourcecode.swift; path = KategoriTableViewCell.swift; sourceTree = "<group>"; };
		DA65E705283442470041C0AE /* FilmViewController.swift */ = {isa = PBXFileReference; fileEncoding = 4; lastKnownFileType = sourcecode.swift; path = FilmViewController.swift; sourceTree = "<group>"; };
		DA65E706283442470041C0AE /* DetayViewController.swift */ = {isa = PBXFileReference; fileEncoding = 4; lastKnownFileType = sourcecode.swift; path = DetayViewController.swift; sourceTree = "<group>"; };
		DA65E707283442470041C0AE /* FilmCollectionViewCell.swift */ = {isa = PBXFileReference; fileEncoding = 4; lastKnownFileType = sourcecode.swift; path = FilmCollectionViewCell.swift; sourceTree = "<group>"; };
		DA65E713283450B90041C0AE /* Kategoriler.swift */ = {isa = PBXFileReference; fileEncoding = 4; lastKnownFileType = sourcecode.swift; path = Kategoriler.swift; sourceTree = "<group>"; };
		DA65E714283450B90041C0AE /* Yonetmenler.swift */ = {isa = PBXFileReference; fileEncoding = 4; lastKnownFileType = sourcecode.swift; path = Yonetmenler.swift; sourceTree = "<group>"; };
		DA65E715283450B90041C0AE /* Filmler.swift */ = {isa = PBXFileReference; fileEncoding = 4; lastKnownFileType = sourcecode.swift; path = Filmler.swift; sourceTree = "<group>"; };
		DA65E716283450B90041C0AE /* KategoriCevap.swift */ = {isa = PBXFileReference; fileEncoding = 4; lastKnownFileType = sourcecode.swift; path = KategoriCevap.swift; sourceTree = "<group>"; };
		DA65E717283450B90041C0AE /* FilmCevap.swift */ = {isa = PBXFileReference; fileEncoding = 4; lastKnownFileType = sourcecode.swift; path = FilmCevap.swift; sourceTree = "<group>"; };
/* End PBXFileReference section */

/* Begin PBXFrameworksBuildPhase section */
		DA65E6E4283441030041C0AE /* Frameworks */ = {
			isa = PBXFrameworksBuildPhase;
			buildActionMask = 2147483647;
			files = (
			);
			runOnlyForDeploymentPostprocessing = 0;
		};
/* End PBXFrameworksBuildPhase section */

/* Begin PBXGroup section */
		DA65E6DE283441030041C0AE = {
			isa = PBXGroup;
			children = (
				DA65E6E9283441030041C0AE /* swift_urlsession_filmler */,
				DA65E6E8283441030041C0AE /* Products */,
			);
			sourceTree = "<group>";
		};
		DA65E6E8283441030041C0AE /* Products */ = {
			isa = PBXGroup;
			children = (
				DA65E6E7283441030041C0AE /* swift_urlsession_filmler.app */,
			);
			name = Products;
			sourceTree = "<group>";
		};
		DA65E6E9283441030041C0AE /* swift_urlsession_filmler */ = {
			isa = PBXGroup;
			children = (
				DA65E70F283444500041C0AE /* Views */,
				DA65E70E2834443B0041C0AE /* Controllers */,
				DA65E70D283444280041C0AE /* Models */,
				DA65E70C283444140041C0AE /* App */,
				DA65E6F3283441040041C0AE /* Assets.xcassets */,
				DA65E6F8283441040041C0AE /* Info.plist */,
			);
			path = swift_urlsession_filmler;
			sourceTree = "<group>";
		};
		DA65E70C283444140041C0AE /* App */ = {
			isa = PBXGroup;
			children = (
				DA65E6EC283441030041C0AE /* SceneDelegate.swift */,
				DA65E6EA283441030041C0AE /* AppDelegate.swift */,
			);
			path = App;
			sourceTree = "<group>";
		};
		DA65E70D283444280041C0AE /* Models */ = {
			isa = PBXGroup;
			children = (
				DA65E717283450B90041C0AE /* FilmCevap.swift */,
				DA65E715283450B90041C0AE /* Filmler.swift */,
				DA65E716283450B90041C0AE /* KategoriCevap.swift */,
				DA65E713283450B90041C0AE /* Kategoriler.swift */,
				DA65E714283450B90041C0AE /* Yonetmenler.swift */,
			);
			path = Models;
			sourceTree = "<group>";
		};
		DA65E70E2834443B0041C0AE /* Controllers */ = {
			isa = PBXGroup;
			children = (
				DA65E6EE283441030041C0AE /* ViewController.swift */,
				DA65E705283442470041C0AE /* FilmViewController.swift */,
				DA65E706283442470041C0AE /* DetayViewController.swift */,
			);
			path = Controllers;
			sourceTree = "<group>";
		};
		DA65E70F283444500041C0AE /* Views */ = {
			isa = PBXGroup;
			children = (
				DA65E7102834445F0041C0AE /* Cells */,
				DA65E6F0283441030041C0AE /* Main.storyboard */,
				DA65E6F5283441040041C0AE /* LaunchScreen.storyboard */,
			);
			path = Views;
			sourceTree = "<group>";
		};
		DA65E7102834445F0041C0AE /* Cells */ = {
			isa = PBXGroup;
			children = (
				DA65E707283442470041C0AE /* FilmCollectionViewCell.swift */,
				DA65E704283442470041C0AE /* KategoriTableViewCell.swift */,
			);
			path = Cells;
			sourceTree = "<group>";
		};
/* End PBXGroup section */

/* Begin PBXNativeTarget section */
		DA65E6E6283441030041C0AE /* swift_urlsession_filmler */ = {
			isa = PBXNativeTarget;
			buildConfigurationList = DA65E6FB283441040041C0AE /* Build configuration list for PBXNativeTarget "swift_urlsession_filmler" */;
			buildPhases = (
				DA65E6E3283441030041C0AE /* Sources */,
				DA65E6E4283441030041C0AE /* Frameworks */,
				DA65E6E5283441030041C0AE /* Resources */,
			);
			buildRules = (
			);
			dependencies = (
			);
			name = swift_urlsession_filmler;
			productName = swift_urlsession_filmler;
			productReference = DA65E6E7283441030041C0AE /* swift_urlsession_filmler.app */;
			productType = "com.apple.product-type.application";
		};
/* End PBXNativeTarget section */

/* Begin PBXProject section */
		DA65E6DF283441030041C0AE /* Project object */ = {
			isa = PBXProject;
			attributes = {
				BuildIndependentTargetsInParallel = 1;
				LastSwiftUpdateCheck = 1340;
				LastUpgradeCheck = 1340;
				TargetAttributes = {
					DA65E6E6283441030041C0AE = {
						CreatedOnToolsVersion = 13.4;
					};
				};
			};
			buildConfigurationList = DA65E6E2283441030041C0AE /* Build configuration list for PBXProject "swift_urlsession_filmler" */;
			compatibilityVersion = "Xcode 13.0";
			developmentRegion = en;
			hasScannedForEncodings = 0;
			knownRegions = (
				en,
				Base,
			);
			mainGroup = DA65E6DE283441030041C0AE;
			productRefGroup = DA65E6E8283441030041C0AE /* Products */;
			projectDirPath = "";
			projectRoot = "";
			targets = (
				DA65E6E6283441030041C0AE /* swift_urlsession_filmler */,
			);
		};
/* End PBXProject section */

/* Begin PBXResourcesBuildPhase section */
		DA65E6E5283441030041C0AE /* Resources */ = {
			isa = PBXResourcesBuildPhase;
			buildActionMask = 2147483647;
			files = (
				DA65E6F7283441040041C0AE /* LaunchScreen.storyboard in Resources */,
				DA65E6F4283441040041C0AE /* Assets.xcassets in Resources */,
				DA65E6F2283441030041C0AE /* Main.storyboard in Resources */,
			);
			runOnlyForDeploymentPostprocessing = 0;
		};
/* End PBXResourcesBuildPhase section */

/* Begin PBXSourcesBuildPhase section */
		DA65E6E3283441030041C0AE /* Sources */ = {
			isa = PBXSourcesBuildPhase;
			buildActionMask = 2147483647;
			files = (
				DA65E719283450B90041C0AE /* Yonetmenler.swift in Sources */,
				DA65E71C283450B90041C0AE /* FilmCevap.swift in Sources */,
				DA65E708283442470041C0AE /* KategoriTableViewCell.swift in Sources */,
				DA65E709283442470041C0AE /* FilmViewController.swift in Sources */,
				DA65E71B283450B90041C0AE /* KategoriCevap.swift in Sources */,
				DA65E71A283450B90041C0AE /* Filmler.swift in Sources */,
				DA65E6EF283441030041C0AE /* ViewController.swift in Sources */,
				DA65E6EB283441030041C0AE /* AppDelegate.swift in Sources */,
				DA65E70B283442470041C0AE /* FilmCollectionViewCell.swift in Sources */,
				DA65E718283450B90041C0AE /* Kategoriler.swift in Sources */,
				DA65E6ED283441030041C0AE /* SceneDelegate.swift in Sources */,
				DA65E70A283442470041C0AE /* DetayViewController.swift in Sources */,
			);
			runOnlyForDeploymentPostprocessing = 0;
		};
/* End PBXSourcesBuildPhase section */

/* Begin PBXVariantGroup section */
		DA65E6F0283441030041C0AE /* Main.storyboard */ = {
			isa = PBXVariantGroup;
			children = (
				DA65E6F1283441030041C0AE /* Base */,
			);
			name = Main.storyboard;
			sourceTree = "<group>";
		};
		DA65E6F5283441040041C0AE /* LaunchScreen.storyboard */ = {
			isa = PBXVariantGroup;
			children = (
				DA65E6F6283441040041C0AE /* Base */,
			);
			name = LaunchScreen.storyboard;
			sourceTree = "<group>";
		};
/* End PBXVariantGroup section */

/* Begin XCBuildConfiguration section */
		DA65E6F9283441040041C0AE /* Debug */ = {
			isa = XCBuildConfiguration;
			buildSettings = {
				ALWAYS_SEARCH_USER_PATHS = NO;
				CLANG_ANALYZER_NONNULL = YES;
				CLANG_ANALYZER_NUMBER_OBJECT_CONVERSION = YES_AGGRESSIVE;
				CLANG_CXX_LANGUAGE_STANDARD = "gnu++17";
				CLANG_ENABLE_MODULES = YES;
				CLANG_ENABLE_OBJC_ARC = YES;
				CLANG_ENABLE_OBJC_WEAK = YES;
				CLANG_WARN_BLOCK_CAPTURE_AUTORELEASING = YES;
				CLANG_WARN_BOOL_CONVERSION = YES;
				CLANG_WARN_COMMA = YES;
				CLANG_WARN_CONSTANT_CONVERSION = YES;
				CLANG_WARN_DEPRECATED_OBJC_IMPLEMENTATIONS = YES;
				CLANG_WARN_DIRECT_OBJC_ISA_USAGE = YES_ERROR;
				CLANG_WARN_DOCUMENTATION_COMMENTS = YES;
				CLANG_WARN_EMPTY_BODY = YES;
				CLANG_WARN_ENUM_CONVERSION = YES;
				CLANG_WARN_INFINITE_RECURSION = YES;
				CLANG_WARN_INT_CONVERSION = YES;
				CLANG_WARN_NON_LITERAL_NULL_CONVERSION = YES;
				CLANG_WARN_OBJC_IMPLICIT_RETAIN_SELF = YES;
				CLANG_WARN_OBJC_LITERAL_CONVERSION = YES;
				CLANG_WARN_OBJC_ROOT_CLASS = YES_ERROR;
				CLANG_WARN_QUOTED_INCLUDE_IN_FRAMEWORK_HEADER = YES;
				CLANG_WARN_RANGE_LOOP_ANALYSIS = YES;
				CLANG_WARN_STRICT_PROTOTYPES = YES;
				CLANG_WARN_SUSPICIOUS_MOVE = YES;
				CLANG_WARN_UNGUARDED_AVAILABILITY = YES_AGGRESSIVE;
				CLANG_WARN_UNREACHABLE_CODE = YES;
				CLANG_WARN__DUPLICATE_METHOD_MATCH = YES;
				COPY_PHASE_STRIP = NO;
				DEBUG_INFORMATION_FORMAT = dwarf;
				ENABLE_STRICT_OBJC_MSGSEND = YES;
				ENABLE_TESTABILITY = YES;
				GCC_C_LANGUAGE_STANDARD = gnu11;
				GCC_DYNAMIC_NO_PIC = NO;
				GCC_NO_COMMON_BLOCKS = YES;
				GCC_OPTIMIZATION_LEVEL = 0;
				GCC_PREPROCESSOR_DEFINITIONS = (
					"DEBUG=1",
					"$(inherited)",
				);
				GCC_WARN_64_TO_32_BIT_CONVERSION = YES;
				GCC_WARN_ABOUT_RETURN_TYPE = YES_ERROR;
				GCC_WARN_UNDECLARED_SELECTOR = YES;
				GCC_WARN_UNINITIALIZED_AUTOS = YES_AGGRESSIVE;
				GCC_WARN_UNUSED_FUNCTION = YES;
				GCC_WARN_UNUSED_VARIABLE = YES;
				IPHONEOS_DEPLOYMENT_TARGET = 15.5;
				MTL_ENABLE_DEBUG_INFO = INCLUDE_SOURCE;
				MTL_FAST_MATH = YES;
				ONLY_ACTIVE_ARCH = YES;
				SDKROOT = iphoneos;
				SWIFT_ACTIVE_COMPILATION_CONDITIONS = DEBUG;
				SWIFT_OPTIMIZATION_LEVEL = "-Onone";
			};
			name = Debug;
		};
		DA65E6FA283441040041C0AE /* Release */ = {
			isa = XCBuildConfiguration;
			buildSettings = {
				ALWAYS_SEARCH_USER_PATHS = NO;
				CLANG_ANALYZER_NONNULL = YES;
				CLANG_ANALYZER_NUMBER_OBJECT_CONVERSION = YES_AGGRESSIVE;
				CLANG_CXX_LANGUAGE_STANDARD = "gnu++17";
				CLANG_ENABLE_MODULES = YES;
				CLANG_ENABLE_OBJC_ARC = YES;
				CLANG_ENABLE_OBJC_WEAK = YES;
				CLANG_WARN_BLOCK_CAPTURE_AUTORELEASING = YES;
				CLANG_WARN_BOOL_CONVERSION = YES;
				CLANG_WARN_COMMA = YES;
				CLANG_WARN_CONSTANT_CONVERSION = YES;
				CLANG_WARN_DEPRECATED_OBJC_IMPLEMENTATIONS = YES;
				CLANG_WARN_DIRECT_OBJC_ISA_USAGE = YES_ERROR;
				CLANG_WARN_DOCUMENTATION_COMMENTS = YES;
				CLANG_WARN_EMPTY_BODY = YES;
				CLANG_WARN_ENUM_CONVERSION = YES;
				CLANG_WARN_INFINITE_RECURSION = YES;
				CLANG_WARN_INT_CONVERSION = YES;
				CLANG_WARN_NON_LITERAL_NULL_CONVERSION = YES;
				CLANG_WARN_OBJC_IMPLICIT_RETAIN_SELF = YES;
				CLANG_WARN_OBJC_LITERAL_CONVERSION = YES;
				CLANG_WARN_OBJC_ROOT_CLASS = YES_ERROR;
				CLANG_WARN_QUOTED_INCLUDE_IN_FRAMEWORK_HEADER = YES;
				CLANG_WARN_RANGE_LOOP_ANALYSIS = YES;
				CLANG_WARN_STRICT_PROTOTYPES = YES;
				CLANG_WARN_SUSPICIOUS_MOVE = YES;
				CLANG_WARN_UNGUARDED_AVAILABILITY = YES_AGGRESSIVE;
				CLANG_WARN_UNREACHABLE_CODE = YES;
				CLANG_WARN__DUPLICATE_METHOD_MATCH = YES;
				COPY_PHASE_STRIP = NO;
				DEBUG_INFORMATION_FORMAT = "dwarf-with-dsym";
				ENABLE_NS_ASSERTIONS = NO;
				ENABLE_STRICT_OBJC_MSGSEND = YES;
				GCC_C_LANGUAGE_STANDARD = gnu11;
				GCC_NO_COMMON_BLOCKS = YES;
				GCC_WARN_64_TO_32_BIT_CONVERSION = YES;
				GCC_WARN_ABOUT_RETURN_TYPE = YES_ERROR;
				GCC_WARN_UNDECLARED_SELECTOR = YES;
				GCC_WARN_UNINITIALIZED_AUTOS = YES_AGGRESSIVE;
				GCC_WARN_UNUSED_FUNCTION = YES;
				GCC_WARN_UNUSED_VARIABLE = YES;
				IPHONEOS_DEPLOYMENT_TARGET = 15.5;
				MTL_ENABLE_DEBUG_INFO = NO;
				MTL_FAST_MATH = YES;
				SDKROOT = iphoneos;
				SWIFT_COMPILATION_MODE = wholemodule;
				SWIFT_OPTIMIZATION_LEVEL = "-O";
				VALIDATE_PRODUCT = YES;
			};
			name = Release;
		};
		DA65E6FC283441040041C0AE /* Debug */ = {
			isa = XCBuildConfiguration;
			buildSettings = {
				ASSETCATALOG_COMPILER_APPICON_NAME = AppIcon;
				ASSETCATALOG_COMPILER_GLOBAL_ACCENT_COLOR_NAME = AccentColor;
				CODE_SIGN_STYLE = Automatic;
				CURRENT_PROJECT_VERSION = 1;
				DEVELOPMENT_TEAM = PFMP7MNJM2;
				GENERATE_INFOPLIST_FILE = YES;
				INFOPLIST_FILE = swift_urlsession_filmler/Info.plist;
				INFOPLIST_KEY_UIApplicationSupportsIndirectInputEvents = YES;
				INFOPLIST_KEY_UILaunchStoryboardName = LaunchScreen;
				INFOPLIST_KEY_UIMainStoryboardFile = Main;
				INFOPLIST_KEY_UISupportedInterfaceOrientations_iPad = "UIInterfaceOrientationPortrait UIInterfaceOrientationPortraitUpsideDown UIInterfaceOrientationLandscapeLeft UIInterfaceOrientationLandscapeRight";
				INFOPLIST_KEY_UISupportedInterfaceOrientations_iPhone = "UIInterfaceOrientationPortrait UIInterfaceOrientationLandscapeLeft UIInterfaceOrientationLandscapeRight";
				LD_RUNPATH_SEARCH_PATHS = (
					"$(inherited)",
					"@executable_path/Frameworks",
				);
				MARKETING_VERSION = 1.0;
				PRODUCT_BUNDLE_IDENTIFIER = "com.erenveudemy.swift-urlsession-filmler";
				PRODUCT_NAME = "$(TARGET_NAME)";
				SWIFT_EMIT_LOC_STRINGS = YES;
				SWIFT_VERSION = 5.0;
				TARGETED_DEVICE_FAMILY = "1,2";
			};
			name = Debug;
		};
		DA65E6FD283441040041C0AE /* Release */ = {
			isa = XCBuildConfiguration;
			buildSettings = {
				ASSETCATALOG_COMPILER_APPICON_NAME = AppIcon;
				ASSETCATALOG_COMPILER_GLOBAL_ACCENT_COLOR_NAME = AccentColor;
				CODE_SIGN_STYLE = Automatic;
				CURRENT_PROJECT_VERSION = 1;
				DEVELOPMENT_TEAM = PFMP7MNJM2;
				GENERATE_INFOPLIST_FILE = YES;
				INFOPLIST_FILE = swift_urlsession_filmler/Info.plist;
				INFOPLIST_KEY_UIApplicationSupportsIndirectInputEvents = YES;
				INFOPLIST_KEY_UILaunchStoryboardName = LaunchScreen;
				INFOPLIST_KEY_UIMainStoryboardFile = Main;
				INFOPLIST_KEY_UISupportedInterfaceOrientations_iPad = "UIInterfaceOrientationPortrait UIInterfaceOrientationPortraitUpsideDown UIInterfaceOrientationLandscapeLeft UIInterfaceOrientationLandscapeRight";
				INFOPLIST_KEY_UISupportedInterfaceOrientations_iPhone = "UIInterfaceOrientationPortrait UIInterfaceOrientationLandscapeLeft UIInterfaceOrientationLandscapeRight";
				LD_RUNPATH_SEARCH_PATHS = (
					"$(inherited)",
					"@executable_path/Frameworks",
				);
				MARKETING_VERSION = 1.0;
				PRODUCT_BUNDLE_IDENTIFIER = "com.erenveudemy.swift-urlsession-filmler";
				PRODUCT_NAME = "$(TARGET_NAME)";
				SWIFT_EMIT_LOC_STRINGS = YES;
				SWIFT_VERSION = 5.0;
				TARGETED_DEVICE_FAMILY = "1,2";
			};
			name = Release;
		};
/* End XCBuildConfiguration section */

/* Begin XCConfigurationList section */
		DA65E6E2283441030041C0AE /* Build configuration list for PBXProject "swift_urlsession_filmler" */ = {
			isa = XCConfigurationList;
			buildConfigurations = (
				DA65E6F9283441040041C0AE /* Debug */,
				DA65E6FA283441040041C0AE /* Release */,
			);
			defaultConfigurationIsVisible = 0;
			defaultConfigurationName = Release;
		};
		DA65E6FB283441040041C0AE /* Build configuration list for PBXNativeTarget "swift_urlsession_filmler" */ = {
			isa = XCConfigurationList;
			buildConfigurations = (
				DA65E6FC283441040041C0AE /* Debug */,
				DA65E6FD283441040041C0AE /* Release */,
			);
			defaultConfigurationIsVisible = 0;
			defaultConfigurationName = Release;
		};
/* End XCConfigurationList section */
	};
	rootObject = DA65E6DF283441030041C0AE /* Project object */;
}
